version = 1
revision = 3
requires-python = ">=3.9, <3.12"
resolution-markers = [
    "python_full_version >= '3.11'",
    "python_full_version == '3.10.*'",
    "python_full_version < '3.10'",
]

[[package]]
name = "cocoa-baseline"
version = "0.1.0"
source = { editable = "." }
dependencies = [
    { name = "duckdb", version = "1.4.5", source = { registry = "https://pypi.org/simple" }, marker = "python_full_version < '3.10'" },
    { name = "duckdb", version = "1.5.4", source = { registry = "https://pypi.org/simple" }, marker = "python_full_version >= '3.10'" },
    { name = "numpy" },
    { name = "pandas" },
    { name = "polars", version = "1.36.1", source = { registry = "https://pypi.org/simple" }, marker = "python_full_version < '3.10'" },
    { name = "polars", version = "1.43.0", source = { registry = "https://pypi.org/simple" }, marker = "python_full_version >= '3.10'" },
    { name = "pytest", version = "8.4.2", source = { registry = "https://pypi.org/simple" }, marker = "python_full_version < '3.10'" },
    { name = "pytest", version = "9.1.1", source = { registry = "https://pypi.org/simple" }, marker = "python_full_version >= '3.10'" },
]

[package.metadata]
requires-dist = [
    { name = "duckdb", specifier = ">=1.0" },
    { name = "numpy", specifier = ">=1.23,<2.0" },
    { name = "pandas", specifier = "==1.5.3" },
    { name = "polars", specifier = ">=1.36.1" },
    { name = "pytest" },
]

[[package]]
name = "colorama"
version = "0.4.6"
source = { registry = "https://pypi.org/simple" }
sdist = { url = "https://files.pythonhosted.org/packages/d8/53/6f443c9a4a8358a93a6792e2acffb9d9d5cb0a5cfd8802644b7b1c9a02e4/colorama-0.4.6.tar.gz", hash = "sha256:08695f5cb7ed6e0531a20572697297273c47b8cae5a63ffc6d6ed5c201be6e44", size = 27697, upload-time = "2022-10-25T02:36:22.414Z" }
wheels = [
    { url = "https://files.pythonhosted.org/packages/d1/d6/3965ed04c63042e047cb6a3e6ed1a63a35087b6a609aa3a15ed8ac56c221/colorama-0.4.6-py2.py3-none-any.whl", hash = "sha256:4f1d9991f5acc0ca119f9d443620b77f9d6b33703e51011c16baf57afb285fc6", size = 25335, upload-time = "2022-10-25T02:36:20.889Z" },
]

[[package]]
name = "duckdb"
version = "1.4.5"
source = { registry = "https://pypi.org/simple" }
resolution-markers = [
    "python_full_version < '3.10'",
]
sdist = { url = "https://files.pythonhosted.org/packages/45/05/9e32eb606684bbfd739a757acfa887705930b84e5a598da6bb85c48eb35f/duckdb-1.4.5.tar.gz", hash = "sha256:783779bde612172b06c250b5f34f7fc29471833545f2894aadedbffbbcc49013", size = 18424446, upload-time = "2026-06-17T10:46:36.409Z" }
wheels = [
    { url = "https://files.pythonhosted.org/packages/3d/64/d080742e4f57f2e458fa43643c4d8b0f0ee07c302202189f27985d8fc179/duckdb-1.4.5-cp310-cp310-macosx_10_9_universal2.whl", hash = "sha256:72d432aa456d6ef3b87795f6ec725732f1f2746589e308878ee7f16287bdc3ca", size = 28919587, upload-time = "2026-06-17T10:44:32.797Z" },
    { url = "https://files.pythonhosted.org/packages/89/4e/f916cd736873ef22fe12c847b177a834a7b99985a87015eab6b89d7cd209/duckdb-1.4.5-cp310-cp310-macosx_10_9_x86_64.whl", hash = "sha256:c412f665f8e2e65b3851bea8d63effd01113e3743a27e7718403cd1b16e52f59", size = 15364028, upload-time = "2026-06-17T10:44:36.484Z" },
    { url = "https://files.pythonhosted.org/packages/a4/b4/0f97d8c4387d3e2054ba5c48f60f6f2873c9895404c96857027d3d72224f/duckdb-1.4.5-cp310-cp310-macosx_11_0_arm64.whl", hash = "sha256:70755e3b7c22267e566fbc611370ca6c3ab143198bbdccdd500f29fb0ebf05e8", size = 13678963, upload-time = "2026-06-17T10:44:39.079Z" },
    { url = "https://files.pythonhosted.org/packages/56/0e/0faf134b35489582c4f5a5698a85b851a9f0706417041216fea5bc59c573/duckdb-1.4.5-cp310-cp310-manylinux_2_26_aarch64.manylinux_2_28_aarch64.whl", hash = "sha256:4b1849e4647a744d0f184f3ff53e180fd245198312cf445a0af735cce6dc55ca", size = 18447270, upload-time = "2026-06-17T10:44:42.006Z" },
    { url = "https://files.pythonhosted.org/packages/7a/66/9032647dbbc1bb17d715ad50d8fbf874593e646425ecb0709d57c149f8ec/duckdb-1.4.5-cp310-cp310-manylinux_2_26_x86_64.manylinux_2_28_x86_64.whl", hash = "sha256:11f2b26b8b0f0fa6ab44cabc77c30b1ddb44f8e81bc5669c0809a647f62e27ef", size = 20448081, upload-time = "2026-06-17T10:44:44.92Z" },
    { url = "https://files.pythonhosted.org/packages/65/60/63062f0a56bb16f7a62260e2b5424aef93536d54e46a8154f99d921e29ca/duckdb-1.4.5-cp310-cp310-win_amd64.whl", hash = "sha256:62cb03e4c7dc938daa3d4f29b8aed99b329d1633fe0f60bf4991402a21ea3dbc", size = 12266992, upload-time = "2026-06-17T10:44:47.977Z" },
    { url = "https://files.pythonhosted.org/packages/64/c5/0364355e4a25a1f2cb70a5a04d8caad7ee7e9b6b67b4a524b3fa53b3bfdc/duckdb-1.4.5-cp311-cp311-macosx_10_9_universal2.whl", hash = "sha256:46eb53cd9ecec2972044a988be4a2e60d58cd185349d4a27f4944b8824d137af", size = 28924380, upload-time = "2026-06-17T10:44:51.456Z" },
    { url = "https://files.pythonhosted.org/packages/92/a3/7d74d0e3ee5a4396495c22551f9422543bb7ee324d24394adeae73b9ccf5/duckdb-1.4.5-cp311-cp311-macosx_10_9_x86_64.whl", hash = "sha256:14ee4000e879ce1f9a1a6dc08936cca5bfe0990b81e1b5a0466a746070bf1033", size = 15364409, upload-time = "2026-06-17T10:44:54.4Z" },
    { url = "https://files.pythonhosted.org/packages/81/ff/dfe91b05ac76b63f54e72a3b336f7c6800bb3f973fedf9466209053104c7/duckdb-1.4.5-cp311-cp311-macosx_11_0_arm64.whl", hash = "sha256:58df29096a43c1ad29f0a323babe0de1c2e15b0921f7642a35b0e9b2e05a766a", size = 13681675, upload-time = "2026-06-17T10:44:57.22Z" },
    { url = "https://files.pythonhosted.org/packages/ce/5a/710056b19860f43bcdb6c4ad574fa012ac8488880d42cbf76c1b0690f0ba/duckdb-1.4.5-cp311-cp311-manylinux_2_26_aarch64.manylinux_2_28_aarch64.whl", hash = "sha256:326429624e488faecafcee8c1d02668bf424b144f1ac6ef8706028c439c3f5ab", size = 18448570, upload-time = "2026-06-17T10:45:00.186Z" },
    { url = "https://files.pythonhosted.org/packages/f3/b1/b9acfa09c7ed5e793f528886f9b7e207698d5cf1988b6e6a68a5bbcaffb4/duckdb-1.4.5-cp311-cp311-manylinux_2_26_x86_64.manylinux_2_28_x86_64.whl", hash = "sha256:45b6ac74a17a80d19e9da4b224115aac1ed691dcb56e271a88ee665c9e05c57a", size = 20448938, upload-time = "2026-06-17T10:45:03.33Z" },
    { url = "https://files.pythonhosted.org/packages/5c/7d/05cb1adf33606877865bccebcb517e26a2090e4d89e5b0fe804d31222256/duckdb-1.4.5-cp311-cp311-win_amd64.whl", hash = "sha256:00690b6aabd731144697a08bba16e35c748a3f06cefcc166ee8597159fc6bf6c", size = 12267440, upload-time = "2026-06-17T10:45:06.238Z" },
    { url = "https://files.pythonhosted.org/packages/9c/ec/e9d71c5213ede2a6c47e7c9f37044301e3e9b4be3a44c9f9d5b2ac2d15e8/duckdb-1.4.5-cp311-cp311-win_arm64.whl", hash = "sha256:00f0c430da0eff57d46a1c0fbc0d605ce66508fac0bc5c485067a19d8d4f0a2b", size = 13029594, upload-time = "2026-06-17T10:45:09.649Z" },
    { url = "https://files.pythonhosted.org/packages/fb/18/f88a3caca49484fdc264fe3eac9cd341788cd36fcf6b63686b3a0950a238/duckdb-1.4.5-cp39-cp39-macosx_10_9_universal2.whl", hash = "sha256:dc2b8ca30e77f15ffad1db83363d8913ff646df003a6a9cd6e344a17a15f9fbf", size = 28919562, upload-time = "2026-06-17T10:46:17.13Z" },
    { url = "https://files.pythonhosted.org/packages/62/32/2f0bcc423c248bc7181879c83ecb759a86095040b3b5cfe364f7cda16acd/duckdb-1.4.5-cp39-cp39-macosx_10_9_x86_64.whl", hash = "sha256:9f3c764e4cf66b56491f500439cac0a34a5e25952c91c4ce97cc09cefb708941", size = 15363340, upload-time = "2026-06-17T10:46:20.57Z" },
    { url = "https://files.pythonhosted.org/packages/e2/4d/889aaae1385263fd4da997d531fcd9f91c82739381ec284727dd7678af7d/duckdb-1.4.5-cp39-cp39-macosx_11_0_arm64.whl", hash = "sha256:f14d34c3512a7a1533951e5b3e351adf2196ba4a9bb5f35b412fb9a82be0469c", size = 13678691, upload-time = "2026-06-17T10:46:23.47Z" },
    { url = "https://files.pythonhosted.org/packages/3f/1f/721b56fa27e5c0e7105a1a954c39da0cc0cc4a8d7455f37159dd3ccb439b/duckdb-1.4.5-cp39-cp39-manylinux_2_26_aarch64.manylinux_2_28_aarch64.whl", hash = "sha256:34d53d64fda21c2a5830487499849e66532ba5c5b34161ca2b4542e58d3327ef", size = 18435452, upload-time = "2026-06-17T10:46:26.399Z" },
    { url = "https://files.pythonhosted.org/packages/cc/33/17c34961554c190d66d78340028e47aaba57fcff8a97ce78960d80f446e1/duckdb-1.4.5-cp39-cp39-manylinux_2_26_x86_64.manylinux_2_28_x86_64.whl", hash = "sha256:9a10292e7981a5a3472c7ceddf233ae88adf4daa47e97e3e09ea1aa6d9d300b2", size = 20429376, upload-time = "2026-06-17T10:46:29.975Z" },
    { url = "https://files.pythonhosted.org/packages/8b/70/f32b8b77b3dc4ad7060aff36a679b47827a2dccd3aa68ffad92efdcb481f/duckdb-1.4.5-cp39-cp39-win_amd64.whl", hash = "sha256:b10af1702c1dbf55099c777f27f21ce6ec0f3f1e2c54774b360278df3c8caaa7", size = 12265075, upload-time = "2026-06-17T10:46:32.961Z" },
]

[[package]]
name = "duckdb"
version = "1.5.4"
source = { registry = "https://pypi.org/simple" }
resolution-markers = [
    "python_full_version >= '3.11'",
    "python_full_version == '3.10.*'",
]
sdist = { url = "https://files.pythonhosted.org/packages/31/29/9bad86ed7aa812d8c822a27c15c355b6d5423b991feeec86ed18027b6daa/duckdb-1.5.4.tar.gz", hash = "sha256:f9e32f1cdd106793d79d190186bed9e75289d51e68bd9174e47c04bffedeab6f", size = 18046634, upload-time = "2026-06-17T10:48:52.499Z" }
wheels = [
    { url = "https://files.pythonhosted.org/packages/3c/ee/69340af74a3aa21838f14c16a0dd3e58461896ccba41f6bc7f0a01536e23/duckdb-1.5.4-cp310-cp310-macosx_10_9_universal2.whl", hash = "sha256:3ddd9533ce80f9b851bdd6276960a9286166514a9ceca43d5bc2f0d5842c490d", size = 32656177, upload-time = "2026-06-17T10:47:31.044Z" },
    { url = "https://files.pythonhosted.org/packages/73/18/9da267ade389d4e7e533ac0c77b3a7041513a66efab93beb84f27627b0b8/duckdb-1.5.4-cp310-cp310-macosx_10_9_x86_64.whl", hash = "sha256:360f2542d09759c3739400f8b787e29b43ba0da665c21756216291458bf6fc59", size = 17318966, upload-time = "2026-06-17T10:47:33.688Z" },
    { url = "https://files.pythonhosted.org/packages/76/b4/ad73c1a396288e443b18af50819448060b318c1e933305167c1d7f98a507/duckdb-1.5.4-cp310-cp310-macosx_11_0_arm64.whl", hash = "sha256:0cf932055061e544d3fa27cc6c147da25f3f681ee5980157fb55e77d6c2d9c63", size = 15467572, upload-time = "2026-06-17T10:47:36.071Z" },
    { url = "https://files.pythonhosted.org/packages/6f/06/2c52ce3b97c3f21111f3c98a2121ed002e33f86488f55098a37825af6d4a/duckdb-1.5.4-cp310-cp310-manylinux_2_26_aarch64.manylinux_2_28_aarch64.whl", hash = "sha256:c2d58d39f5e65419cdc27e3875cba4a729a3bbf6bf4016aefb4a2a65335a1d42", size = 19344044, upload-time = "2026-06-17T10:47:38.174Z" },
    { url = "https://files.pythonhosted.org/packages/5a/7d/5c0cc66fb90a1b14474eebb5ab535eacc51cb20b0e45358348b51c07abc9/duckdb-1.5.4-cp310-cp310-manylinux_2_26_x86_64.manylinux_2_28_x86_64.whl", hash = "sha256:a9a10dc40469b9c0e458625d2a8359461a982c6151bb53ff259fea00c4695ad4", size = 21448215, upload-time = "2026-06-17T10:47:40.617Z" },
    { url = "https://files.pythonhosted.org/packages/3c/2c/16c3ea201855cdfb7dde52ea3678d0536861cb485ffad46cf345436d658d/duckdb-1.5.4-cp310-cp310-win_amd64.whl", hash = "sha256:3565550adbf160ef7a2ee3395470570182f11233983ad818bd7d5f9e349f92b2", size = 13132138, upload-time = "2026-06-17T10:47:43.085Z" },
    { url = "https://files.pythonhosted.org/packages/56/bb/7921dabd50daef3969f14cd8a5a14c24eee337db7914a462f2defa8add92/duckdb-1.5.4-cp311-cp311-macosx_10_9_universal2.whl", hash = "sha256:3fb41d9cfccb7e44511eeeed263ae98143ca63bdb1ef84631ba637c314efa1b5", size = 32663142, upload-time = "2026-06-17T10:47:45.471Z" },
    { url = "https://files.pythonhosted.org/packages/a6/83/2137765eaba6a9aefe3bb9848ddaac7407fe3ba19b292f98b31f3b7ab27f/duckdb-1.5.4-cp311-cp311-macosx_10_9_x86_64.whl", hash = "sha256:8ba7b666bc9c78d6a930ee9f469024149f0c6a23fb7d2c3418aad6774339bec0", size = 17321485, upload-time = "2026-06-17T10:47:47.778Z" },
    { url = "https://files.pythonhosted.org/packages/0e/b2/a02c1ee43fd7e8cf1fc2e3d377f3dcf9d4a3e58a4549557516e1866ff0da/duckdb-1.5.4-cp311-cp311-macosx_11_0_arm64.whl", hash = "sha256:9d9e6817fcbc09d2605a2c8c041ac7824d738d917c35a4d427e977647e1d7944", size = 15470820, upload-time = "2026-06-17T10:47:49.977Z" },
    { url = "https://files.pythonhosted.org/packages/d8/48/a243d30223b024bc6057abe472b002cff01e97efefb4d2f0b0dcc5aece0b/duckdb-1.5.4-cp311-cp311-manylinux_2_26_aarch64.manylinux_2_28_aarch64.whl", hash = "sha256:02dd9f9a6124069213f13e3a474c208028c472fe1acdae12b38761f954fe4fc6", size = 19341849, upload-time = "2026-06-17T10:47:52.205Z" },
    { url = "https://files.pythonhosted.org/packages/08/ff/a5d48de4771e2403a8ef26a20dc7457b1c8f7e398ff0caf9c0cad8805f89/duckdb-1.5.4-cp311-cp311-manylinux_2_26_x86_64.manylinux_2_28_x86_64.whl", hash = "sha256:ccc7f2694d02b4763fee61021d45e12f7bc5743993686563957df0cef799fbae", size = 21451698, upload-time = "2026-06-17T10:47:54.653Z" },
    { url = "https://files.pythonhosted.org/packages/79/b8/8244d7741b4afae67775cf0cb0d4eb9e923a83110907e4801e17fa078480/duckdb-1.5.4-cp311-cp311-win_amd64.whl", hash = "sha256:4c430e788d99b50854209bf2833ba36a45df75e57f86efb477046cd408bbd077", size = 13132643, upload-time = "2026-06-17T10:47:56.75Z" },
    { url = "https://files.pythonhosted.org/packages/e4/57/8169822a37f6dd7d561c567f9007e3cf04bf97bccb619afe90db849c0962/duckdb-1.5.4-cp311-cp311-win_arm64.whl", hash = "sha256:e2dc8340cfb6006025a798c50f40126d6e945a1d2487be94667bb4166556ce7b", size = 13986386, upload-time = "2026-06-17T10:47:59.345Z" },
]

[[package]]
name = "exceptiongroup"
version = "1.3.1"
source = { registry = "https://pypi.org/simple" }
dependencies = [
    { name = "typing-extensions" },
]
sdist = { url = "https://files.pythonhosted.org/packages/50/79/66800aadf48771f6b62f7eb014e352e5d06856655206165d775e675a02c9/exceptiongroup-1.3.1.tar.gz", hash = "sha256:8b412432c6055b0b7d14c310000ae93352ed6754f70fa8f7c34141f91c4e3219", size = 30371, upload-time = "2025-11-21T23:01:54.787Z" }
wheels = [
    { url = "https://files.pythonhosted.org/packages/8a/0e/97c33bf5009bdbac74fd2beace167cab3f978feb69cc36f1ef79360d6c4e/exceptiongroup-1.3.1-py3-none-any.whl", hash = "sha256:a7a39a3bd276781e98394987d3a5701d0c4edffb633bb7a5144577f82c773598", size = 16740, upload-time = "2025-11-21T23:01:53.443Z" },
]

[[package]]
name = "iniconfig"
version = "2.1.0"
source = { registry = "https://pypi.org/simple" }
resolution-markers = [
    "python_full_version < '3.10'",
]
sdist = { url = "https://files.pythonhosted.org/packages/f2/97/ebf4da567aa6827c909642694d71c9fcf53e5b504f2d96afea02718862f3/iniconfig-2.1.0.tar.gz", hash = "sha256:3abbd2e30b36733fee78f9c7f7308f2d0050e88f0087fd25c2645f63c773e1c7", size = 4793, upload-time = "2025-03-19T20:09:59.721Z" }
wheels = [
    { url = "https://files.pythonhosted.org/packages/2c/e1/e6716421ea10d38022b952c159d5161ca1193197fb744506875fbb87ea7b/iniconfig-2.1.0-py3-none-any.whl", hash = "sha256:9deba5723312380e77435581c6bf4935c94cbfab9b1ed33ef8d238ea168eb760", size = 6050, upload-time = "2025-03-19T20:10:01.071Z" },
]

[[package]]
name = "iniconfig"
version = "2.3.0"
source = { registry = "https://pypi.org/simple" }
resolution-markers = [
    "python_full_version >= '3.11'",
    "python_full_version == '3.10.*'",
]
sdist = { url = "https://files.pythonhosted.org/packages/72/34/14ca021ce8e5dfedc35312d08ba8bf51fdd999c576889fc2c24cb97f4f10/iniconfig-2.3.0.tar.gz", hash = "sha256:c76315c77db068650d49c5b56314774a7804df16fee4402c1f19d6d15d8c4730", size = 20503, upload-time = "2025-10-18T21:55:43.219Z" }
wheels = [
    { url = "https://files.pythonhosted.org/packages/cb/b1/3846dd7f199d53cb17f49cba7e651e9ce294d8497c8c150530ed11865bb8/iniconfig-2.3.0-py3-none-any.whl", hash = "sha256:f631c04d2c48c52b84d0d0549c99ff3859c98df65b3101406327ecc7d53fbf12", size = 7484, upload-time = "2025-10-18T21:55:41.639Z" },
]

[[package]]
name = "numpy"
version = "1.26.4"
source = { registry = "https://pypi.org/simple" }
sdist = { url = "https://files.pythonhosted.org/packages/65/6e/09db70a523a96d25e115e71cc56a6f9031e7b8cd166c1ac8438307c14058/numpy-1.26.4.tar.gz", hash = "sha256:2a02aba9ed12e4ac4eb3ea9421c420301a0c6460d9830d74a9df87efa4912010", size = 15786129, upload-time = "2024-02-06T00:26:44.495Z" }
wheels = [
    { url = "https://files.pythonhosted.org/packages/a7/94/ace0fdea5241a27d13543ee117cbc65868e82213fb31a8eb7fe9ff23f313/numpy-1.26.4-cp310-cp310-macosx_10_9_x86_64.whl", hash = "sha256:9ff0f4f29c51e2803569d7a51c2304de5554655a60c5d776e35b4a41413830d0", size = 20631468, upload-time = "2024-02-05T23:48:01.194Z" },
    { url = "https://files.pythonhosted.org/packages/20/f7/b24208eba89f9d1b58c1668bc6c8c4fd472b20c45573cb767f59d49fb0f6/numpy-1.26.4-cp310-cp310-macosx_11_0_arm64.whl", hash = "sha256:2e4ee3380d6de9c9ec04745830fd9e2eccb3e6cf790d39d7b98ffd19b0dd754a", size = 13966411, upload-time = "2024-02-05T23:48:29.038Z" },
    { url = "https://files.pythonhosted.org/packages/fc/a5/4beee6488160798683eed5bdb7eead455892c3b4e1f78d79d8d3f3b084ac/numpy-1.26.4-cp310-cp310-manylinux_2_17_aarch64.manylinux2014_aarch64.whl", hash = "sha256:d209d8969599b27ad20994c8e41936ee0964e6da07478d6c35016bc386b66ad4", size = 14219016, upload-time = "2024-02-05T23:48:54.098Z" },
    { url = "https://files.pythonhosted.org/packages/4b/d7/ecf66c1cd12dc28b4040b15ab4d17b773b87fa9d29ca16125de01adb36cd/numpy-1.26.4-cp310-cp310-manylinux_2_17_x86_64.manylinux2014_x86_64.whl", hash = "sha256:ffa75af20b44f8dba823498024771d5ac50620e6915abac414251bd971b4529f", size = 18240889, upload-time = "2024-02-05T23:49:25.361Z" },
    { url = "https://files.pythonhosted.org/packages/24/03/6f229fe3187546435c4f6f89f6d26c129d4f5bed40552899fcf1f0bf9e50/numpy-1.26.4-cp310-cp310-musllinux_1_1_aarch64.whl", hash = "sha256:62b8e4b1e28009ef2846b4c7852046736bab361f7aeadeb6a5b89ebec3c7055a", size = 13876746, upload-time = "2024-02-05T23:49:51.983Z" },
    { url = "https://files.pythonhosted.org/packages/39/fe/39ada9b094f01f5a35486577c848fe274e374bbf8d8f472e1423a0bbd26d/numpy-1.26.4-cp310-cp310-musllinux_1_1_x86_64.whl", hash = "sha256:a4abb4f9001ad2858e7ac189089c42178fcce737e4169dc61321660f1a96c7d2", size = 18078620, upload-time = "2024-02-05T23:50:22.515Z" },
    { url = "https://files.pythonhosted.org/packages/d5/ef/6ad11d51197aad206a9ad2286dc1aac6a378059e06e8cf22cd08ed4f20dc/numpy-1.26.4-cp310-cp310-win32.whl", hash = "sha256:bfe25acf8b437eb2a8b2d49d443800a5f18508cd811fea3181723922a8a82b07", size = 5972659, upload-time = "2024-02-05T23:50:35.834Z" },
    { url = "https://files.pythonhosted.org/packages/19/77/538f202862b9183f54108557bfda67e17603fc560c384559e769321c9d92/numpy-1.26.4-cp310-cp310-win_amd64.whl", hash = "sha256:b97fe8060236edf3662adfc2c633f56a08ae30560c56310562cb4f95500022d5", size = 15808905, upload-time = "2024-02-05T23:51:03.701Z" },
    { url = "https://files.pythonhosted.org/packages/11/57/baae43d14fe163fa0e4c47f307b6b2511ab8d7d30177c491960504252053/numpy-1.26.4-cp311-cp311-macosx_10_9_x86_64.whl", hash = "sha256:4c66707fabe114439db9068ee468c26bbdf909cac0fb58686a42a24de1760c71", size = 20630554, upload-time = "2024-02-05T23:51:50.149Z" },
    { url = "https://files.pythonhosted.org/packages/1a/2e/151484f49fd03944c4a3ad9c418ed193cfd02724e138ac8a9505d056c582/numpy-1.26.4-cp311-cp311-macosx_11_0_arm64.whl", hash = "sha256:edd8b5fe47dab091176d21bb6de568acdd906d1887a4584a15a9a96a1dca06ef", size = 13997127, upload-time = "2024-02-05T23:52:15.314Z" },
    { url = "https://files.pythonhosted.org/packages/79/ae/7e5b85136806f9dadf4878bf73cf223fe5c2636818ba3ab1c585d0403164/numpy-1.26.4-cp311-cp311-manylinux_2_17_aarch64.manylinux2014_aarch64.whl", hash = "sha256:7ab55401287bfec946ced39700c053796e7cc0e3acbef09993a9ad2adba6ca6e", size = 14222994, upload-time = "2024-02-05T23:52:47.569Z" },
    { url = "https://files.pythonhosted.org/packages/3a/d0/edc009c27b406c4f9cbc79274d6e46d634d139075492ad055e3d68445925/numpy-1.26.4-cp311-cp311-manylinux_2_17_x86_64.manylinux2014_x86_64.whl", hash = "sha256:666dbfb6ec68962c033a450943ded891bed2d54e6755e35e5835d63f4f6931d5", size = 18252005, upload-time = "2024-02-05T23:53:15.637Z" },
    { url = "https://files.pythonhosted.org/packages/09/bf/2b1aaf8f525f2923ff6cfcf134ae5e750e279ac65ebf386c75a0cf6da06a/numpy-1.26.4-cp311-cp311-musllinux_1_1_aarch64.whl", hash = "sha256:96ff0b2ad353d8f990b63294c8986f1ec3cb19d749234014f4e7eb0112ceba5a", size = 13885297, upload-time = "2024-02-05T23:53:42.16Z" },
    { url = "https://files.pythonhosted.org/packages/df/a0/4e0f14d847cfc2a633a1c8621d00724f3206cfeddeb66d35698c4e2cf3d2/numpy-1.26.4-cp311-cp311-musllinux_1_1_x86_64.whl", hash = "sha256:60dedbb91afcbfdc9bc0b1f3f402804070deed7392c23eb7a7f07fa857868e8a", size = 18093567, upload-time = "2024-02-05T23:54:11.696Z" },
    { url = "https://files.pythonhosted.org/packages/d2/b7/a734c733286e10a7f1a8ad1ae8c90f2d33bf604a96548e0a4a3a6739b468/numpy-1.26.4-cp311-cp311-win32.whl", hash = "sha256:1af303d6b2210eb850fcf03064d364652b7120803a0b872f5211f5234b399f20", size = 5968812, upload-time = "2024-02-05T23:54:26.453Z" },
    { url = "https://files.pythonhosted.org/packages/3f/6b/5610004206cf7f8e7ad91c5a85a8c71b2f2f8051a0c0c4d5916b76d6cbb2/numpy-1.26.4-cp311-cp311-win_amd64.whl", hash = "sha256:cd25bcecc4974d09257ffcd1f098ee778f7834c3ad767fe5db785be9a4aa9cb2", size = 15811913, upload-time = "2024-02-05T23:54:53.933Z" },
    { url = "https://files.pythonhosted.org/packages/7d/24/ce71dc08f06534269f66e73c04f5709ee024a1afe92a7b6e1d73f158e1f8/numpy-1.26.4-cp39-cp39-macosx_10_9_x86_64.whl", hash = "sha256:7349ab0fa0c429c82442a27a9673fc802ffdb7c7775fad780226cb234965e53c", size = 20636301, upload-time = "2024-02-05T23:59:10.976Z" },
    { url = "https://files.pythonhosted.org/packages/ae/8c/ab03a7c25741f9ebc92684a20125fbc9fc1b8e1e700beb9197d750fdff88/numpy-1.26.4-cp39-cp39-macosx_11_0_arm64.whl", hash = "sha256:52b8b60467cd7dd1e9ed082188b4e6bb35aa5cdd01777621a1658910745b90be", size = 13971216, upload-time = "2024-02-05T23:59:35.472Z" },
    { url = "https://files.pythonhosted.org/packages/6d/64/c3bcdf822269421d85fe0d64ba972003f9bb4aa9a419da64b86856c9961f/numpy-1.26.4-cp39-cp39-manylinux_2_17_aarch64.manylinux2014_aarch64.whl", hash = "sha256:d5241e0a80d808d70546c697135da2c613f30e28251ff8307eb72ba696945764", size = 14226281, upload-time = "2024-02-05T23:59:59.372Z" },
    { url = "https://files.pythonhosted.org/packages/54/30/c2a907b9443cf42b90c17ad10c1e8fa801975f01cb9764f3f8eb8aea638b/numpy-1.26.4-cp39-cp39-manylinux_2_17_x86_64.manylinux2014_x86_64.whl", hash = "sha256:f870204a840a60da0b12273ef34f7051e98c3b5961b61b0c2c1be6dfd64fbcd3", size = 18249516, upload-time = "2024-02-06T00:00:32.79Z" },
    { url = "https://files.pythonhosted.org/packages/43/12/01a563fc44c07095996d0129b8899daf89e4742146f7044cdbdb3101c57f/numpy-1.26.4-cp39-cp39-musllinux_1_1_aarch64.whl", hash = "sha256:679b0076f67ecc0138fd2ede3a8fd196dddc2ad3254069bcb9faf9a79b1cebcd", size = 13882132, upload-time = "2024-02-06T00:00:58.197Z" },
    { url = "https://files.pythonhosted.org/packages/16/ee/9df80b06680aaa23fc6c31211387e0db349e0e36d6a63ba3bd78c5acdf11/numpy-1.26.4-cp39-cp39-musllinux_1_1_x86_64.whl", hash = "sha256:47711010ad8555514b434df65f7d7b076bb8261df1ca9bb78f53d3b2db02e95c", size = 18084181, upload-time = "2024-02-06T00:01:31.21Z" },
    { url = "https://files.pythonhosted.org/packages/28/7d/4b92e2fe20b214ffca36107f1a3e75ef4c488430e64de2d9af5db3a4637d/numpy-1.26.4-cp39-cp39-win32.whl", hash = "sha256:a354325ee03388678242a4d7ebcd08b5c727033fcff3b2f536aea978e15ee9e6", size = 5976360, upload-time = "2024-02-06T00:01:43.013Z" },
    { url = "https://files.pythonhosted.org/packages/b5/42/054082bd8220bbf6f297f982f0a8f5479fcbc55c8b511d928df07b965869/numpy-1.26.4-cp39-cp39-win_amd64.whl", hash = "sha256:3373d5d70a5fe74a2c1bb6d2cfd9609ecf686d47a2d7b1d37a8f3b6bf6003aea", size = 15814633, upload-time = "2024-02-06T00:02:16.694Z" },
    { url = "https://files.pythonhosted.org/packages/3f/72/3df6c1c06fc83d9cfe381cccb4be2532bbd38bf93fbc9fad087b6687f1c0/numpy-1.26.4-pp39-pypy39_pp73-macosx_10_9_x86_64.whl", hash = "sha256:afedb719a9dcfc7eaf2287b839d8198e06dcd4cb5d276a3df279231138e83d30", size = 20455961, upload-time = "2024-02-06T00:03:05.993Z" },
    { url = "https://files.pythonhosted.org/packages/8e/02/570545bac308b58ffb21adda0f4e220ba716fb658a63c151daecc3293350/numpy-1.26.4-pp39-pypy39_pp73-manylinux_2_17_x86_64.manylinux2014_x86_64.whl", hash = "sha256:95a7476c59002f2f6c590b9b7b998306fba6a5aa646b1e22ddfeaf8f78c3a29c", size = 18061071, upload-time = "2024-02-06T00:03:41.5Z" },
    { url = "https://files.pythonhosted.org/packages/f4/5f/fafd8c51235f60d49f7a88e2275e13971e90555b67da52dd6416caec32fe/numpy-1.26.4-pp39-pypy39_pp73-win_amd64.whl", hash = "sha256:7e50d0a0cc3189f9cb0aeb3a6a6af18c16f59f004b866cd2be1c14b36134a4a0", size = 15709730, upload-time = "2024-02-06T00:04:11.719Z" },
]

[[package]]
name = "packaging"
version = "26.2"
source = { registry = "https://pypi.org/simple" }
sdist = { url = "https://files.pythonhosted.org/packages/d7/f1/e7a6dd94a8d4a5626c03e4e99c87f241ba9e350cd9e6d75123f992427270/packaging-26.2.tar.gz", hash = "sha256:ff452ff5a3e828ce110190feff1178bb1f2ea2281fa2075aadb987c2fb221661", size = 228134, upload-time = "2026-04-24T20:15:23.917Z" }
wheels = [
    { url = "https://files.pythonhosted.org/packages/df/b2/87e62e8c3e2f4b32e5fe99e0b86d576da1312593b39f47d8ceef365e95ed/packaging-26.2-py3-none-any.whl", hash = "sha256:5fc45236b9446107ff2415ce77c807cee2862cb6fac22b8a73826d0693b0980e", size = 100195, upload-time = "2026-04-24T20:15:22.081Z" },
]

[[package]]
name = "pandas"
version = "1.5.3"
source = { registry = "https://pypi.org/simple" }
dependencies = [
    { name = "numpy" },
    { name = "python-dateutil" },
    { name = "pytz" },
]
sdist = { url = "https://files.pythonhosted.org/packages/74/ee/146cab1ff6d575b54ace8a6a5994048380dc94879b0125b25e62edcb9e52/pandas-1.5.3.tar.gz", hash = "sha256:74a3fd7e5a7ec052f183273dc7b0acd3a863edf7520f5d3a1765c04ffdb3b0b1", size = 5203060, upload-time = "2023-01-19T08:31:39.615Z" }
wheels = [
    { url = "https://files.pythonhosted.org/packages/a9/cd/34f6b0780301be81be804d7aa71d571457369e6131e2b330af2b0fed1aad/pandas-1.5.3-cp310-cp310-macosx_10_9_universal2.whl", hash = "sha256:3749077d86e3a2f0ed51367f30bf5b82e131cc0f14260c4d3e499186fccc4406", size = 18619230, upload-time = "2023-01-19T08:29:07.301Z" },
    { url = "https://files.pythonhosted.org/packages/5f/34/b7858bb7d6d6bf4d9df1dde777a11fcf3ff370e1d1b3956e3d0fcca8322c/pandas-1.5.3-cp310-cp310-macosx_10_9_x86_64.whl", hash = "sha256:972d8a45395f2a2d26733eb8d0f629b2f90bebe8e8eddbb8829b180c09639572", size = 11982991, upload-time = "2023-01-19T08:29:15.383Z" },
    { url = "https://files.pythonhosted.org/packages/b8/6c/005bd604994f7cbede4d7bf030614ef49a2213f76bc3d738ecf5b0dcc810/pandas-1.5.3-cp310-cp310-macosx_11_0_arm64.whl", hash = "sha256:50869a35cbb0f2e0cd5ec04b191e7b12ed688874bd05dd777c19b28cbea90996", size = 10927131, upload-time = "2023-01-19T08:29:20.342Z" },
    { url = "https://files.pythonhosted.org/packages/27/c7/35b81ce5f680f2dac55eac14d103245cd8cf656ae4a2ff3be2e69fd1d330/pandas-1.5.3-cp310-cp310-manylinux_2_17_aarch64.manylinux2014_aarch64.whl", hash = "sha256:c3ac844a0fe00bfaeb2c9b51ab1424e5c8744f89860b138434a363b1f620f354", size = 11368188, upload-time = "2023-01-19T08:29:25.807Z" },
    { url = "https://files.pythonhosted.org/packages/49/e2/79e46612dc25ebc7603dc11c560baa7266c90f9e48537ecf1a02a0dd6bff/pandas-1.5.3-cp310-cp310-manylinux_2_17_x86_64.manylinux2014_x86_64.whl", hash = "sha256:7a0a56cef15fd1586726dace5616db75ebcfec9179a3a55e78f72c5639fa2a23", size = 12062104, upload-time = "2023-01-19T08:29:30.695Z" },
    { url = "https://files.pythonhosted.org/packages/d9/cd/f27c2992cbe05a3e39937f73a4be635a9ec149ec3ca4467d8cf039718994/pandas-1.5.3-cp310-cp310-win_amd64.whl", hash = "sha256:478ff646ca42b20376e4ed3fa2e8d7341e8a63105586efe54fa2508ee087f328", size = 10362473, upload-time = "2023-01-19T08:29:37.506Z" },
    { url = "https://files.pythonhosted.org/packages/e2/24/a26af514113fd5eca2d8fe41ba4f22f70dfe6afefde4a6beb6a203570935/pandas-1.5.3-cp311-cp311-macosx_10_9_universal2.whl", hash = "sha256:6973549c01ca91ec96199e940495219c887ea815b2083722821f1d7abfa2b4dc", size = 18387750, upload-time = "2023-01-19T08:29:43.119Z" },
    { url = "https://files.pythonhosted.org/packages/53/c9/d2f910dace7ef849b626980d0fd033b9cded36568949c8d560c9630ad2e0/pandas-1.5.3-cp311-cp311-macosx_10_9_x86_64.whl", hash = "sha256:c39a8da13cede5adcd3be1182883aea1c925476f4e84b2807a46e2775306305d", size = 11868668, upload-time = "2023-01-19T08:29:48.733Z" },
    { url = "https://files.pythonhosted.org/packages/b0/be/1843b9aff84b98899663e7cad9f45513dfdd11d69cb5bd85c648aaf6a8d4/pandas-1.5.3-cp311-cp311-macosx_11_0_arm64.whl", hash = "sha256:f76d097d12c82a535fda9dfe5e8dd4127952b45fea9b0276cb30cca5ea313fbc", size = 10814036, upload-time = "2023-01-19T08:29:54.886Z" },
    { url = "https://files.pythonhosted.org/packages/63/8d/c2bd356b9d4baf1c5cf8d7e251fb4540e87083072c905430da48c2bb31eb/pandas-1.5.3-cp311-cp311-manylinux_2_17_aarch64.manylinux2014_aarch64.whl", hash = "sha256:e474390e60ed609cec869b0da796ad94f420bb057d86784191eefc62b65819ae", size = 11374218, upload-time = "2023-01-19T08:30:00.5Z" },
    { url = "https://files.pythonhosted.org/packages/56/73/3351beeb807dca69fcc3c4966bcccc51552bd01549a9b13c04ab00a43f21/pandas-1.5.3-cp311-cp311-manylinux_2_17_x86_64.manylinux2014_x86_64.whl", hash = "sha256:5f2b952406a1588ad4cad5b3f55f520e82e902388a6d5a4a91baa8d38d23c7f6", size = 12017319, upload-time = "2023-01-19T08:30:06.097Z" },
    { url = "https://files.pythonhosted.org/packages/da/6d/1235da14daddaa6e47f74ba0c255358f0ce7a6ee05da8bf8eb49161aa6b5/pandas-1.5.3-cp311-cp311-win_amd64.whl", hash = "sha256:bc4c368f42b551bf72fac35c5128963a171b40dce866fb066540eeaf46faa003", size = 10303385, upload-time = "2023-01-19T08:30:11.148Z" },
    { url = "https://files.pythonhosted.org/packages/90/19/1a92d73cda1233326e787a4c14362a1fcce4c7d9f28316fd769308aefb99/pandas-1.5.3-cp39-cp39-macosx_10_9_universal2.whl", hash = "sha256:c74a62747864ed568f5a82a49a23a8d7fe171d0c69038b38cedf0976831296fa", size = 18722090, upload-time = "2023-01-19T08:31:03.457Z" },
    { url = "https://files.pythonhosted.org/packages/02/4a/8e2513db9d15929b833147f975d8424dc6a3e18100ead10aab78756a1aad/pandas-1.5.3-cp39-cp39-macosx_10_9_x86_64.whl", hash = "sha256:c4c00e0b0597c8e4f59e8d461f797e5d70b4d025880516a8261b2817c47759ee", size = 12049642, upload-time = "2023-01-19T08:31:09.324Z" },
    { url = "https://files.pythonhosted.org/packages/a7/2b/c71df8794e8e75ba1ec9da1c1a2efc946590aa79a05148a4138405ef5f72/pandas-1.5.3-cp39-cp39-macosx_11_0_arm64.whl", hash = "sha256:a50d9a4336a9621cab7b8eb3fb11adb82de58f9b91d84c2cd526576b881a0c5a", size = 10962439, upload-time = "2023-01-19T08:31:14.872Z" },
    { url = "https://files.pythonhosted.org/packages/7d/d6/92be61dca3880c7cec99a9b4acf6260b3dc00519673fdb3e6666ac6096ce/pandas-1.5.3-cp39-cp39-manylinux_2_17_aarch64.manylinux2014_aarch64.whl", hash = "sha256:dd05f7783b3274aa206a1af06f0ceed3f9b412cf665b7247eacd83be41cf7bf0", size = 11471277, upload-time = "2023-01-19T08:31:19.706Z" },
    { url = "https://files.pythonhosted.org/packages/e1/4d/3eb96e53a9208350ee21615f850c4be9a246d32bf1d34cd36682cb58c3b7/pandas-1.5.3-cp39-cp39-manylinux_2_17_x86_64.manylinux2014_x86_64.whl", hash = "sha256:9f69c4029613de47816b1bb30ff5ac778686688751a5e9c99ad8c7031f6508e5", size = 12169732, upload-time = "2023-01-19T08:31:24.806Z" },
    { url = "https://files.pythonhosted.org/packages/94/85/89f6547642b28fbd874504a6f548d6be4d88981837a23ab18d76cb773bea/pandas-1.5.3-cp39-cp39-win32.whl", hash = "sha256:7cec0bee9f294e5de5bbfc14d0573f65526071029d036b753ee6507d2a21480a", size = 9730624, upload-time = "2023-01-19T08:31:30.409Z" },
    { url = "https://files.pythonhosted.org/packages/c2/45/801ecd8434eef0b39cc02795ffae273fe3df3cfcb3f6fff215efbe92d93c/pandas-1.5.3-cp39-cp39-win_amd64.whl", hash = "sha256:dfd681c5dc216037e0b0a2c821f5ed99ba9f03ebcf119c7dac0e9a7b960b9ec9", size = 10932203, upload-time = "2023-01-19T08:31:35.717Z" },
]

[[package]]
name = "pluggy"
version = "1.6.0"
source = { registry = "https://pypi.org/simple" }
sdist = { url = "https://files.pythonhosted.org/packages/f9/e2/3e91f31a7d2b083fe6ef3fa267035b518369d9511ffab804f839851d2779/pluggy-1.6.0.tar.gz", hash = "sha256:7dcc130b76258d33b90f61b658791dede3486c3e6bfb003ee5c9bfb396dd22f3", size = 69412, upload-time = "2025-05-15T12:30:07.975Z" }
wheels = [
    { url = "https://files.pythonhosted.org/packages/54/20/4d324d65cc6d9205fabedc306948156824eb9f0ee1633355a8f7ec5c66bf/pluggy-1.6.0-py3-none-any.whl", hash = "sha256:e920276dd6813095e9377c0bc5566d94c932c33b27a3e3945d8389c374dd4746", size = 20538, upload-time = "2025-05-15T12:30:06.134Z" },
]

[[package]]
name = "polars"
version = "1.36.1"
source = { registry = "https://pypi.org/simple" }
resolution-markers = [
    "python_full_version < '3.10'",
]
dependencies = [
    { name = "polars-runtime-32", version = "1.36.1", source = { registry = "https://pypi.org/simple" } },
]
sdist = { url = "https://files.pythonhosted.org/packages/9f/dc/56f2a90c79a2cb13f9e956eab6385effe54216ae7a2068b3a6406bae4345/polars-1.36.1.tar.gz", hash = "sha256:12c7616a2305559144711ab73eaa18814f7aa898c522e7645014b68f1432d54c", size = 711993, upload-time = "2025-12-10T01:14:53.033Z" }
wheels = [
    { url = "https://files.pythonhosted.org/packages/f6/c6/36a1b874036b49893ecae0ac44a2f63d1a76e6212631a5b2f50a86e0e8af/polars-1.36.1-py3-none-any.whl", hash = "sha256:853c1bbb237add6a5f6d133c15094a9b727d66dd6a4eb91dbb07cdb056b2b8ef", size = 802429, upload-time = "2025-12-10T01:13:53.838Z" },
]

[[package]]
name = "polars"
version = "1.43.0"
source = { registry = "https://pypi.org/simple" }
resolution-markers = [
    "python_full_version >= '3.11'",
    "python_full_version == '3.10.*'",
]
dependencies = [
    { name = "polars-runtime-32", version = "1.43.0", source = { registry = "https://pypi.org/simple" } },
]
sdist = { url = "https://files.pythonhosted.org/packages/66/5b/5d0f0aa53c6e9a8ecbc99ff502edcf9584e5d08ab34ea407c086999103d5/polars-1.43.0.tar.gz", hash = "sha256:bb2c67553e4968c18dfe268a88ff9a5790d5c2e0b7ea7efe97640b9a90438c88", size = 749537, upload-time = "2026-07-21T04:30:25.966Z" }
wheels = [
    { url = "https://files.pythonhosted.org/packages/76/28/a8eac2c1d1b2d2a4ba2eb745921616d863185d94b1afd91cbb07af9ef21a/polars-1.43.0-py3-none-any.whl", hash = "sha256:c49078b14e2d6b8ff5cc5b78b6d9638603ea5dffafb889d9204818822f55b813", size = 846493, upload-time = "2026-07-21T04:29:06.68Z" },
]

[[package]]
name = "polars-runtime-32"
version = "1.36.1"
source = { registry = "https://pypi.org/simple" }
resolution-markers = [
    "python_full_version < '3.10'",
]
sdist = { url = "https://files.pythonhosted.org/packages/31/df/597c0ef5eb8d761a16d72327846599b57c5d40d7f9e74306fc154aba8c37/polars_runtime_32-1.36.1.tar.gz", hash = "sha256:201c2cfd80ceb5d5cd7b63085b5fd08d6ae6554f922bcb941035e39638528a09", size = 2788751, upload-time = "2025-12-10T01:14:54.172Z" }
wheels = [
    { url = "https://files.pythonhosted.org/packages/e1/ea/871129a2d296966c0925b078a9a93c6c5e7facb1c5eebfcd3d5811aeddc1/polars_runtime_32-1.36.1-cp39-abi3-macosx_10_12_x86_64.whl", hash = "sha256:327b621ca82594f277751f7e23d4b939ebd1be18d54b4cdf7a2f8406cecc18b2", size = 43494311, upload-time = "2025-12-10T01:13:56.096Z" },
    { url = "https://files.pythonhosted.org/packages/d8/76/0038210ad1e526ce5bb2933b13760d6b986b3045eccc1338e661bd656f77/polars_runtime_32-1.36.1-cp39-abi3-macosx_11_0_arm64.whl", hash = "sha256:ab0d1f23084afee2b97de8c37aa3e02ec3569749ae39571bd89e7a8b11ae9e83", size = 39300602, upload-time = "2025-12-10T01:13:59.366Z" },
    { url = "https://files.pythonhosted.org/packages/54/1e/2707bee75a780a953a77a2c59829ee90ef55708f02fc4add761c579bf76e/polars_runtime_32-1.36.1-cp39-abi3-manylinux_2_17_x86_64.manylinux2014_x86_64.whl", hash = "sha256:899b9ad2e47ceb31eb157f27a09dbc2047efbf4969a923a6b1ba7f0412c3e64c", size = 44511780, upload-time = "2025-12-10T01:14:02.285Z" },
    { url = "https://files.pythonhosted.org/packages/11/b2/3fede95feee441be64b4bcb32444679a8fbb7a453a10251583053f6efe52/polars_runtime_32-1.36.1-cp39-abi3-manylinux_2_24_aarch64.whl", hash = "sha256:d9d077bb9df711bc635a86540df48242bb91975b353e53ef261c6fae6cb0948f", size = 40688448, upload-time = "2025-12-10T01:14:05.131Z" },
    { url = "https://files.pythonhosted.org/packages/05/0f/e629713a72999939b7b4bfdbf030a32794db588b04fdf3dc977dd8ea6c53/polars_runtime_32-1.36.1-cp39-abi3-win_amd64.whl", hash = "sha256:cc17101f28c9a169ff8b5b8d4977a3683cd403621841623825525f440b564cf0", size = 44464898, upload-time = "2025-12-10T01:14:08.296Z" },
    { url = "https://files.pythonhosted.org/packages/d1/d8/a12e6aa14f63784cead437083319ec7cece0d5bb9a5bfe7678cc6578b52a/polars_runtime_32-1.36.1-cp39-abi3-win_arm64.whl", hash = "sha256:809e73857be71250141225ddd5d2b30c97e6340aeaa0d445f930e01bef6888dc", size = 39798896, upload-time = "2025-12-10T01:14:11.568Z" },
]

[[package]]
name = "polars-runtime-32"
version = "1.43.0"
source = { registry = "https://pypi.org/simple" }
resolution-markers = [
    "python_full_version >= '3.11'",
    "python_full_version == '3.10.*'",
]
sdist = { url = "https://files.pythonhosted.org/packages/86/96/7e714cad082e9e6aaebb8886fcb1b0220d5c35149d4c8d3466bd7e7d581e/polars_runtime_32-1.43.0.tar.gz", hash = "sha256:5fb47a3a883402e62eab2fde5922f78c531d037aeece3640c15225f39228621e", size = 3090044, upload-time = "2026-07-21T04:30:27.185Z" }
wheels = [
    { url = "https://files.pythonhosted.org/packages/0f/14/9b1f5eb1c5104ba1ceb380a7308ffcd979f3ce1df86e76293062698f2ff1/polars_runtime_32-1.43.0-cp310-abi3-macosx_10_12_x86_64.whl", hash = "sha256:6707193d30a7135bce0424304f76d8145270527444097548e794ad8d26823b70", size = 53059463, upload-time = "2026-07-21T04:29:09.194Z" },
    { url = "https://files.pythonhosted.org/packages/ca/14/73d77d1c0c928eb599d9516d874af0cd2b6225201e1327a6c4857e6776d0/polars_runtime_32-1.43.0-cp310-abi3-macosx_11_0_arm64.whl", hash = "sha256:78ca2f97740b2a6beb36eb112749280b5e08750c60f53c08d2feffebdba9d35a", size = 47499586, upload-time = "2026-07-21T04:29:13.229Z" },
    { url = "https://files.pythonhosted.org/packages/80/b1/98278fa796f93d0975fd3fe1d4ab4031707d4a9f1da44c21c29996b62c73/polars_runtime_32-1.43.0-cp310-abi3-manylinux_2_17_aarch64.manylinux2014_aarch64.whl", hash = "sha256:4ffa99bb2c7ee0a9392ae50b350af0ed17acf0519d15c75fe223021798566174", size = 51326702, upload-time = "2026-07-21T04:29:16.084Z" },
    { url = "https://files.pythonhosted.org/packages/ab/7d/24ae73389aac03296925973c4e2cbe2e4982e859b9fad69eb1a72b9026fa/polars_runtime_32-1.43.0-cp310-abi3-manylinux_2_17_x86_64.manylinux2014_x86_64.whl", hash = "sha256:3ecc8feaf04de5989a29245885921db612ef1ce9065e5cb6ec37495acfa55bba", size = 57266705, upload-time = "2026-07-21T04:29:19.288Z" },
    { url = "https://files.pythonhosted.org/packages/5c/49/2026be1f7b51242ad62e08b20728462558e161fb84b564e5b986f2b38664/polars_runtime_32-1.43.0-cp310-abi3-musllinux_1_2_aarch64.whl", hash = "sha256:01e1471a5ee161a969c7a96991d8e5d20b97a0b7fe075df9c7a01f52a49c5ac2", size = 51484129, upload-time = "2026-07-21T04:29:22.639Z" },
    { url = "https://files.pythonhosted.org/packages/db/e2/047c7695f08a9b18614c0e1ec5e70a754455542a21a6d52955f7f05c6268/polars_runtime_32-1.43.0-cp310-abi3-musllinux_1_2_x86_64.whl", hash = "sha256:9cd8b813afe67d59e87027dedcaf5c6a06fe602472fd74e1a49f4bafea47259c", size = 55169401, upload-time = "2026-07-21T04:29:25.902Z" },
    { url = "https://files.pythonhosted.org/packages/92/dc/bfd2533c487563c7a21ab7d7af3d78f820b0236e14dc5ee63d46188cd275/polars_runtime_32-1.43.0-cp310-abi3-win_amd64.whl", hash = "sha256:41a75fb3cb4cc574eb21801383578f75cfc374597c22322ef457ab7bac8a3301", size = 52541527, upload-time = "2026-07-21T04:29:29.162Z" },
    { url = "https://files.pythonhosted.org/packages/46/d7/5c47f1bf57479d1671669af9c421f9abf4986b2ddaa64c177244ff811de0/polars_runtime_32-1.43.0-cp310-abi3-win_arm64.whl", hash = "sha256:c285e598dd91e08560e519275b8b8108adbafb438d218a175ebe073dbc2027fb", size = 46552281, upload-time = "2026-07-21T04:29:32.224Z" },
]

[[package]]
name = "pygments"
version = "2.20.0"
source = { registry = "https://pypi.org/simple" }
sdist = { url = "https://files.pythonhosted.org/packages/c3/b2/bc9c9196916376152d655522fdcebac55e66de6603a76a02bca1b6414f6c/pygments-2.20.0.tar.gz", hash = "sha256:6757cd03768053ff99f3039c1a36d6c0aa0b263438fcab17520b30a303a82b5f", size = 4955991, upload-time = "2026-03-29T13:29:33.898Z" }
wheels = [
    { url = "https://files.pythonhosted.org/packages/f4/7e/a72dd26f3b0f4f2bf1dd8923c85f7ceb43172af56d63c7383eb62b332364/pygments-2.20.0-py3-none-any.whl", hash = "sha256:81a9e26dd42fd28a23a2d169d86d7ac03b46e2f8b59ed4698fb4785f946d0176", size = 1231151, upload-time = "2026-03-29T13:29:30.038Z" },
]

[[package]]
name = "pytest"
version = "8.4.2"
source = { registry = "https://pypi.org/simple" }
resolution-markers = [
    "python_full_version < '3.10'",
]
dependencies = [
    { name = "colorama", marker = "sys_platform == 'win32'" },
    { name = "exceptiongroup" },
    { name = "iniconfig", version = "2.1.0", source = { registry = "https://pypi.org/simple" } },
    { name = "packaging" },
    { name = "pluggy" },
    { name = "pygments" },
    { name = "tomli" },
]
sdist = { url = "https://files.pythonhosted.org/packages/a3/5c/00a0e072241553e1a7496d638deababa67c5058571567b92a7eaa258397c/pytest-8.4.2.tar.gz", hash = "sha256:86c0d0b93306b961d58d62a4db4879f27fe25513d4b969df351abdddb3c30e01", size = 1519618, upload-time = "2025-09-04T14:34:22.711Z" }
wheels = [
    { url = "https://files.pythonhosted.org/packages/a8/a4/20da314d277121d6534b3a980b29035dcd51e6744bd79075a6ce8fa4eb8d/pytest-8.4.2-py3-none-any.whl", hash = "sha256:872f880de3fc3a5bdc88a11b39c9710c3497a547cfa9320bc3c5e62fbf272e79", size = 365750, upload-time = "2025-09-04T14:34:20.226Z" },
]

[[package]]
name = "pytest"
version = "9.1.1"
source = { registry = "https://pypi.org/simple" }
resolution-markers = [
    "python_full_version >= '3.11'",
    "python_full_version == '3.10.*'",
]
dependencies = [
    { name = "colorama", marker = "sys_platform == 'win32'" },
    { name = "exceptiongroup", marker = "python_full_version < '3.11'" },
    { name = "iniconfig", version = "2.3.0", source = { registry = "https://pypi.org/simple" } },
    { name = "packaging" },
    { name = "pluggy" },
    { name = "pygments" },
    { name = "tomli", marker = "python_full_version < '3.11'" },
]
sdist = { url = "https://files.pythonhosted.org/packages/e4/47/b9efed96c114afcfa3c9d3fe98a76a1d14c74a9e266d397cf6eb64be5e01/pytest-9.1.1.tar.gz", hash = "sha256:1088fbde8f2b49d95a549a195707afa7a76a3ce9bcadc26b6d71f0ffda5fe313", size = 1636369, upload-time = "2026-06-19T10:58:32.857Z" }
wheels = [
    { url = "https://files.pythonhosted.org/packages/24/25/1de2678b631f5a49215c6c96fff41ba892b0a34df68d6d80292b1b48aa7f/pytest-9.1.1-py3-none-any.whl", hash = "sha256:37a86b45efb9a47a61a36449063e8e18d0cab3161329fc099eb21783169c4f0c", size = 386536, upload-time = "2026-06-19T10:58:31.347Z" },
]

[[package]]
name = "python-dateutil"
version = "2.9.0.post0"
source = { registry = "https://pypi.org/simple" }
dependencies = [
    { name = "six" },
]
sdist = { url = "https://files.pythonhosted.org/packages/66/c0/0c8b6ad9f17a802ee498c46e004a0eb49bc148f2fd230864601a86dcf6db/python-dateutil-2.9.0.post0.tar.gz", hash = "sha256:37dd54208da7e1cd875388217d5e00ebd4179249f90fb72437e91a35459a0ad3", size = 342432, upload-time = "2024-03-01T18:36:20.211Z" }
wheels = [
    { url = "https://files.pythonhosted.org/packages/ec/57/56b9bcc3c9c6a792fcbaf139543cee77261f3651ca9da0c93f5c1221264b/python_dateutil-2.9.0.post0-py2.py3-none-any.whl", hash = "sha256:a8b2bc7bffae282281c8140a97d3aa9c14da0b136dfe83f850eea9a5f7470427", size = 229892, upload-time = "2024-03-01T18:36:18.57Z" },
]

[[package]]
name = "pytz"
version = "2026.2"
source = { registry = "https://pypi.org/simple" }
sdist = { url = "https://files.pythonhosted.org/packages/ff/46/dd499ec9038423421951e4fad73051febaa13d2df82b4064f87af8b8c0c3/pytz-2026.2.tar.gz", hash = "sha256:0e60b47b29f21574376f218fe21abc009894a2321ea16c6754f3cad6eb7cdd6a", size = 320861, upload-time = "2026-05-04T01:35:29.667Z" }
wheels = [
    { url = "https://files.pythonhosted.org/packages/ec/dd/96da98f892250475bdf2328112d7468abdd4acc7b902b6af23f4ed958ea0/pytz-2026.2-py2.py3-none-any.whl", hash = "sha256:04156e608bee23d3792fd45c94ae47fae1036688e75032eea2e3bf0323d1f126", size = 510141, upload-time = "2026-05-04T01:35:27.408Z" },
]

[[package]]
name = "six"
version = "1.17.0"
source = { registry = "https://pypi.org/simple" }
sdist = { url = "https://files.pythonhosted.org/packages/94/e7/b2c673351809dca68a0e064b6af791aa332cf192da575fd474ed7d6f16a2/six-1.17.0.tar.gz", hash = "sha256:ff70335d468e7eb6ec65b95b99d3a2836546063f63acc5171de367e834932a81", size = 34031, upload-time = "2024-12-04T17:35:28.174Z" }
wheels = [
    { url = "https://files.pythonhosted.org/packages/b7/ce/149a00dd41f10bc29e5921b496af8b574d8413afcd5e30dfa0ed46c2cc5e/six-1.17.0-py2.py3-none-any.whl", hash = "sha256:4721f391ed90541fddacab5acf947aa0d3dc7d27b2e1e8eda2be8970586c3274", size = 11050, upload-time = "2024-12-04T17:35:26.475Z" },
]

[[package]]
name = "tomli"
version = "2.4.1"
source = { registry = "https://pypi.org/simple" }
sdist = { url = "https://files.pythonhosted.org/packages/22/de/48c59722572767841493b26183a0d1cc411d54fd759c5607c4590b6563a6/tomli-2.4.1.tar.gz", hash = "sha256:7c7e1a961a0b2f2472c1ac5b69affa0ae1132c39adcb67aba98568702b9cc23f", size = 17543, upload-time = "2026-03-25T20:22:03.828Z" }
wheels = [
    { url = "https://files.pythonhosted.org/packages/f4/11/db3d5885d8528263d8adc260bb2d28ebf1270b96e98f0e0268d32b8d9900/tomli-2.4.1-cp311-cp311-macosx_10_9_x86_64.whl", hash = "sha256:f8f0fc26ec2cc2b965b7a3b87cd19c5c6b8c5e5f436b984e85f486d652285c30", size = 154704, upload-time = "2026-03-25T20:21:10.473Z" },
    { url = "https://files.pythonhosted.org/packages/6d/f7/675db52c7e46064a9aa928885a9b20f4124ecb9bc2e1ce74c9106648d202/tomli-2.4.1-cp311-cp311-macosx_11_0_arm64.whl", hash = "sha256:4ab97e64ccda8756376892c53a72bd1f964e519c77236368527f758fbc36a53a", size = 149454, upload-time = "2026-03-25T20:21:12.036Z" },
    { url = "https://files.pythonhosted.org/packages/61/71/81c50943cf953efa35bce7646caab3cf457a7d8c030b27cfb40d7235f9ee/tomli-2.4.1-cp311-cp311-manylinux2014_aarch64.manylinux_2_17_aarch64.manylinux_2_28_aarch64.whl", hash = "sha256:96481a5786729fd470164b47cdb3e0e58062a496f455ee41b4403be77cb5a076", size = 237561, upload-time = "2026-03-25T20:21:13.098Z" },
    { url = "https://files.pythonhosted.org/packages/48/c1/f41d9cb618acccca7df82aaf682f9b49013c9397212cb9f53219e3abac37/tomli-2.4.1-cp311-cp311-manylinux2014_x86_64.manylinux_2_17_x86_64.manylinux_2_28_x86_64.whl", hash = "sha256:5a881ab208c0baf688221f8cecc5401bd291d67e38a1ac884d6736cbcd8247e9", size = 243824, upload-time = "2026-03-25T20:21:14.569Z" },
    { url = "https://files.pythonhosted.org/packages/22/e4/5a816ecdd1f8ca51fb756ef684b90f2780afc52fc67f987e3c61d800a46d/tomli-2.4.1-cp311-cp311-musllinux_1_2_aarch64.whl", hash = "sha256:47149d5bd38761ac8be13a84864bf0b7b70bc051806bc3669ab1cbc56216b23c", size = 242227, upload-time = "2026-03-25T20:21:15.712Z" },
    { url = "https://files.pythonhosted.org/packages/6b/49/2b2a0ef529aa6eec245d25f0c703e020a73955ad7edf73e7f54ddc608aa5/tomli-2.4.1-cp311-cp311-musllinux_1_2_x86_64.whl", hash = "sha256:ec9bfaf3ad2df51ace80688143a6a4ebc09a248f6ff781a9945e51937008fcbc", size = 247859, upload-time = "2026-03-25T20:21:17.001Z" },
    { url = "https://files.pythonhosted.org/packages/83/bd/6c1a630eaca337e1e78c5903104f831bda934c426f9231429396ce3c3467/tomli-2.4.1-cp311-cp311-win32.whl", hash = "sha256:ff2983983d34813c1aeb0fa89091e76c3a22889ee83ab27c5eeb45100560c049", size = 97204, upload-time = "2026-03-25T20:21:18.079Z" },
    { url = "https://files.pythonhosted.org/packages/42/59/71461df1a885647e10b6bb7802d0b8e66480c61f3f43079e0dcd315b3954/tomli-2.4.1-cp311-cp311-win_amd64.whl", hash = "sha256:5ee18d9ebdb417e384b58fe414e8d6af9f4e7a0ae761519fb50f721de398dd4e", size = 108084, upload-time = "2026-03-25T20:21:18.978Z" },
    { url = "https://files.pythonhosted.org/packages/b8/83/dceca96142499c069475b790e7913b1044c1a4337e700751f48ed723f883/tomli-2.4.1-cp311-cp311-win_arm64.whl", hash = "sha256:c2541745709bad0264b7d4705ad453b76ccd191e64aa6f0fc66b69a293a45ece", size = 95285, upload-time = "2026-03-25T20:21:20.309Z" },
    { url = "https://files.pythonhosted.org/packages/7b/61/cceae43728b7de99d9b847560c262873a1f6c98202171fd5ed62640b494b/tomli-2.4.1-py3-none-any.whl", hash = "sha256:0d85819802132122da43cb86656f8d1f8c6587d54ae7dcaf30e90533028b49fe", size = 14583, upload-time = "2026-03-25T20:22:03.012Z" },
]

[[package]]
name = "typing-extensions"
version = "4.16.0"
source = { registry = "https://pypi.org/simple" }
sdist = { url = "https://files.pythonhosted.org/packages/f6/cc/6253133b5bb138fc3306cebfbda2c520f545d36b5be2c7255cc528bb45d6/typing_extensions-4.16.0.tar.gz", hash = "sha256:dc983d19a509c94dba722ee6abd33940f7c05a89e243c47e907eb4db6f1a43e5", size = 113555, upload-time = "2026-07-02T08:40:05.92Z" }
wheels = [
    { url = "https://files.pythonhosted.org/packages/49/d3/b8441a820a491ddfc024b0b0cf0393375b75ea13866d9c66727e54c2fc80/typing_extensions-4.16.0-py3-none-any.whl", hash = "sha256:481caa481374e813c1b176ada14e97f1f67a4539ce9cfeb3f350d78d6370c2e8", size = 45571, upload-time = "2026-07-02T08:40:04.659Z" },
]
